// !$*UTF8*$!
{
	archiveVersion = 1;
	classes = {
	};
	objectVersion = 46;
	objects = {

/* Begin PBXBuildFile section */
		580AAC3F1CCBB4D40051130E /* Time.m in Sources */ = {isa = PBXBuildFile; fileRef = 580AAC3D1CCBB4D40051130E /* Time.m */; };
		5826FECA1CCA668B00CE48E1 /* NSManagedObject+Additions.m in Sources */ = {isa = PBXBuildFile; fileRef = 5826FEC91CCA668B00CE48E1 /* NSManagedObject+Additions.m */; };
		58F1453E1CC9213800649299 /* main.m in Sources */ = {isa = PBXBuildFile; fileRef = 58F1453D1CC9213800649299 /* main.m */; };
		58F145411CC9213800649299 /* AppDelegate.m in Sources */ = {isa = PBXBuildFile; fileRef = 58F145401CC9213800649299 /* AppDelegate.m */; };
		58F145441CC9213800649299 /* ViewController.m in Sources */ = {isa = PBXBuildFile; fileRef = 58F145431CC9213800649299 /* ViewController.m */; };
		58F145471CC9213800649299 /* Main.storyboard in Resources */ = {isa = PBXBuildFile; fileRef = 58F145451CC9213800649299 /* Main.storyboard */; };
		58F1454A1CC9213800649299 /* CoreDataDemo.xcdatamodeld in Sources */ = {isa = PBXBuildFile; fileRef = 58F145481CC9213800649299 /* CoreDataDemo.xcdatamodeld */; };
		58F1454C1CC9213800649299 /* Assets.xcassets in Resources */ = {isa = PBXBuildFile; fileRef = 58F1454B1CC9213800649299 /* Assets.xcassets */; };
		58F1454F1CC9213800649299 /* LaunchScreen.storyboard in Resources */ = {isa = PBXBuildFile; fileRef = 58F1454D1CC9213800649299 /* LaunchScreen.storyboard */; };
		58F145581CC9218C00649299 /* LFZDataController.m in Sources */ = {isa = PBXBuildFile; fileRef = 58F145571CC9218C00649299 /* LFZDataController.m */; };
/* End PBXBuildFile section */

/* Begin PBXFileReference section */
		580AAC3C1CCBB4D40051130E /* Time.h */ = {isa = PBXFileReference; fileEncoding = 4; lastKnownFileType = sourcecode.c.h; path = Time.h; sourceTree = "<group>"; };
		580AAC3D1CCBB4D40051130E /* Time.m */ = {isa = PBXFileReference; fileEncoding = 4; lastKnownFileType = sourcecode.c.objc; path = Time.m; sourceTree = "<group>"; };
		5826FEC81CCA668B00CE48E1 /* NSManagedObject+Additions.h */ = {isa = PBXFileReference; fileEncoding = 4; lastKnownFileType = sourcecode.c.h; path = "NSManagedObject+Additions.h"; sourceTree = "<group>"; };
		5826FEC91CCA668B00CE48E1 /* NSManagedObject+Additions.m */ = {isa = PBXFileReference; fileEncoding = 4; lastKnownFileType = sourcecode.c.objc; path = "NSManagedObject+Additions.m"; sourceTree = "<group>"; };
		58F145391CC9213800649299 /* CoreDataDemo.app */ = {isa = PBXFileReference; explicitFileType = wrapper.application; includeInIndex = 0; path = CoreDataDemo.app; sourceTree = BUILT_PRODUCTS_DIR; };
		58F1453D1CC9213800649299 /* main.m */ = {isa = PBXFileReference; lastKnownFileType = sourcecode.c.objc; path = main.m; sourceTree = "<group>"; };
		58F1453F1CC9213800649299 /* AppDelegate.h */ = {isa = PBXFileReference; lastKnownFileType = sourcecode.c.h; path = AppDelegate.h; sourceTree = "<group>"; };
		58F145401CC9213800649299 /* AppDelegate.m */ = {isa = PBXFileReference; lastKnownFileType = sourcecode.c.objc; path = AppDelegate.m; sourceTree = "<group>"; };
		58F145421CC9213800649299 /* ViewController.h */ = {isa = PBXFileReference; lastKnownFileType = sourcecode.c.h; path = ViewController.h; sourceTree = "<group>"; };
		58F145431CC9213800649299 /* ViewController.m */ = {isa = PBXFileReference; lastKnownFileType = sourcecode.c.objc; path = ViewController.m; sourceTree = "<group>"; };
		58F145461CC9213800649299 /* Base */ = {isa = PBXFileReference; lastKnownFileType = file.storyboard; name = Base; path = Base.lproj/Main.storyboard; sourceTree = "<group>"; };
		58F145491CC9213800649299 /* CoreDataDemo.xcdatamodel */ = {isa = PBXFileReference; lastKnownFileType = wrapper.xcdatamodel; path = CoreDataDemo.xcdatamodel; sourceTree = "<group>"; };
		58F1454B1CC9213800649299 /* Assets.xcassets */ = {isa = PBXFileReference; lastKnownFileType = folder.assetcatalog; path = Assets.xcassets; sourceTree = "<group>"; };
		58F1454E1CC9213800649299 /* Base */ = {isa = PBXFileReference; lastKnownFileType = file.storyboard; name = Base; path = Base.lproj/LaunchScreen.storyboard; sourceTree = "<group>"; };
		58F145501CC9213800649299 /* Info.plist */ = {isa = PBXFileReference; lastKnownFileType = text.plist.xml; path = Info.plist; sourceTree = "<group>"; };
		58F145561CC9218C00649299 /* LFZDataController.h */ = {isa = PBXFileReference; fileEncoding = 4; lastKnownFileType = sourcecode.c.h; path = LFZDataController.h; sourceTree = "<group>"; };
		58F145571CC9218C00649299 /* LFZDataController.m */ = {isa = PBXFileReference; fileEncoding = 4; lastKnownFileType = sourcecode.c.objc; path = LFZDataController.m; sourceTree = "<group>"; };
/* End PBXFileReference section */

/* Begin PBXFrameworksBuildPhase section */
		58F145361CC9213800649299 /* Frameworks */ = {
			isa = PBXFrameworksBuildPhase;
			buildActionMask = 2147483647;
			files = (
			);
			runOnlyForDeploymentPostprocessing = 0;
		};
/* End PBXFrameworksBuildPhase section */

/* Begin PBXGroup section */
		58F145301CC9213700649299 = {
			isa = PBXGroup;
			children = (
				58F1453B1CC9213800649299 /* CoreDataDemo */,
				58F1453A1CC9213800649299 /* Products */,
			);
			sourceTree = "<group>";
		};
		58F1453A1CC9213800649299 /* Products */ = {
			isa = PBXGroup;
			children = (
				58F145391CC9213800649299 /* CoreDataDemo.app */,
			);
			name = Products;
			sourceTree = "<group>";
		};
		58F1453B1CC9213800649299 /* CoreDataDemo */ = {
			isa = PBXGroup;
			children = (
				58F1453F1CC9213800649299 /* AppDelegate.h */,
				58F145401CC9213800649299 /* AppDelegate.m */,
				58F145421CC9213800649299 /* ViewController.h */,
				58F145431CC9213800649299 /* ViewController.m */,
				58F145561CC9218C00649299 /* LFZDataController.h */,
				58F145571CC9218C00649299 /* LFZDataController.m */,
				5826FEC81CCA668B00CE48E1 /* NSManagedObject+Additions.h */,
				5826FEC91CCA668B00CE48E1 /* NSManagedObject+Additions.m */,
				580AAC3C1CCBB4D40051130E /* Time.h */,
				580AAC3D1CCBB4D40051130E /* Time.m */,
				58F145451CC9213800649299 /* Main.storyboard */,
				58F1454B1CC9213800649299 /* Assets.xcassets */,
				58F1454D1CC9213800649299 /* LaunchScreen.storyboard */,
				58F145501CC9213800649299 /* Info.plist */,
				58F145481CC9213800649299 /* CoreDataDemo.xcdatamodeld */,
				58F1453C1CC9213800649299 /* Supporting Files */,
			);
			path = CoreDataDemo;
			sourceTree = "<group>";
		};
		58F1453C1CC9213800649299 /* Supporting Files */ = {
			isa = PBXGroup;
			children = (
				58F1453D1CC9213800649299 /* main.m */,
			);
			name = "Supporting Files";
			sourceTree = "<group>";
		};
/* End PBXGroup section */

/* Begin PBXNativeTarget section */
		58F145381CC9213800649299 /* CoreDataDemo */ = {
			isa = PBXNativeTarget;
			buildConfigurationList = 58F145531CC9213800649299 /* Build configuration list for PBXNativeTarget "CoreDataDemo" */;
			buildPhases = (
				58F145351CC9213800649299 /* Sources */,
				58F145361CC9213800649299 /* Frameworks */,
				58F145371CC9213800649299 /* Resources */,
			);
			buildRules = (
			);
			dependencies = (
			);
			name = CoreDataDemo;
			productName = CoreDataDemo;
			productReference = 58F145391CC9213800649299 /* CoreDataDemo.app */;
			productType = "com.apple.product-type.application";
		};
/* End PBXNativeTarget section */

/* Begin PBXProject section */
		58F145311CC9213700649299 /* Project object */ = {
			isa = PBXProject;
			attributes = {
				LastUpgradeCheck = 0730;
				ORGANIZATIONNAME = YGuan;
				TargetAttributes = {
					58F145381CC9213800649299 = {
						CreatedOnToolsVersion = 7.3;
					};
				};
			};
			buildConfigurationList = 58F145341CC9213700649299 /* Build configuration list for PBXProject "CoreDataDemo" */;
			compatibilityVersion = "Xcode 3.2";
			developmentRegion = English;
			hasScannedForEncodings = 0;
			knownRegions = (
				en,
				Base,
			);
			mainGroup = 58F145301CC9213700649299;
			productRefGroup = 58F1453A1CC9213800649299 /* Products */;
			projectDirPath = "";
			projectRoot = "";
			targets = (
				58F145381CC9213800649299 /* CoreDataDemo */,
			);
		};
/* End PBXProject section */

/* Begin PBXResourcesBuildPhase section */
		58F145371CC9213800649299 /* Resources */ = {
			isa = PBXResourcesBuildPhase;
			buildActionMask = 2147483647;
			files = (
				58F1454F1CC9213800649299 /* LaunchScreen.storyboard in Resources */,
				58F1454C1CC9213800649299 /* Assets.xcassets in Resources */,
				58F145471CC9213800649299 /* Main.storyboard in Resources */,
			);
			runOnlyForDeploymentPostprocessing = 0;
		};
/* End PBXResourcesBuildPhase section */

/* Begin PBXSourcesBuildPhase section */
		58F145351CC9213800649299 /* Sources */ = {
			isa = PBXSourcesBuildPhase;
			buildActionMask = 2147483647;
			files = (
				580AAC3F1CCBB4D40051130E /* Time.m in Sources */,
				58F145441CC9213800649299 /* ViewController.m in Sources */,
				5826FECA1CCA668B00CE48E1 /* NSManagedObject+Additions.m in Sources */,
				58F145581CC9218C00649299 /* LFZDataController.m in Sources */,
				58F1454A1CC9213800649299 /* CoreDataDemo.xcdatamodeld in Sources */,
				58F145411CC9213800649299 /* AppDelegate.m in Sources */,
				58F1453E1CC9213800649299 /* main.m in Sources */,
			);
			runOnlyForDeploymentPostprocessing = 0;
		};
/* End PBXSourcesBuildPhase section */

/* Begin PBXVariantGroup section */
		58F145451CC9213800649299 /* Main.storyboard */ = {
			isa = PBXVariantGroup;
			children = (
				58F145461CC9213800649299 /* Base */,
			);
			name = Main.storyboard;
			sourceTree = "<group>";
		};
		58F1454D1CC9213800649299 /* LaunchScreen.storyboard */ = {
			isa = PBXVariantGroup;
			children = (
				58F1454E1CC9213800649299 /* Base */,
			);
			name = LaunchScreen.storyboard;
			sourceTree = "<group>";
		};
/* End PBXVariantGroup section */

/* Begin XCBuildConfiguration section */
		58F145511CC9213800649299 /* Debug */ = {
			isa = XCBuildConfiguration;
			buildSettings = {
				ALWAYS_SEARCH_USER_PATHS = NO;
				CLANG_ANALYZER_NONNULL = YES;
				CLANG_CXX_LANGUAGE_STANDARD = "gnu++0x";
				CLANG_CXX_LIBRARY = "libc++";
				CLANG_ENABLE_MODULES = YES;
				CLANG_ENABLE_OBJC_ARC = YES;
				CLANG_WARN_BOOL_CONVERSION = YES;
				CLANG_WARN_CONSTANT_CONVERSION = YES;
				CLANG_WARN_DIRECT_OBJC_ISA_USAGE = YES_ERROR;
				CLANG_WARN_EMPTY_BODY = YES;
				CLANG_WARN_ENUM_CONVERSION = YES;
				CLANG_WARN_INT_CONVERSION = YES;
				CLANG_WARN_OBJC_ROOT_CLASS = YES_ERROR;
				CLANG_WARN_UNREACHABLE_CODE = YES;
				CLANG_WARN__DUPLICATE_METHOD_MATCH = YES;
				"CODE_SIGN_IDENTITY[sdk=iphoneos*]" = "iPhone Developer";
				COPY_PHASE_STRIP = NO;
				DEBUG_INFORMATION_FORMAT = dwarf;
				ENABLE_STRICT_OBJC_MSGSEND = YES;
				ENABLE_TESTABILITY = YES;
				GCC_C_LANGUAGE_STANDARD = gnu99;
				GCC_DYNAMIC_NO_PIC = NO;
				GCC_NO_COMMON_BLOCKS = YES;
				GCC_OPTIMIZATION_LEVEL = 0;
				GCC_PREPROCESSOR_DEFINITIONS = (
					"DEBUG=1",
					"$(inherited)",
				);
				GCC_WARN_64_TO_32_BIT_CONVERSION = YES;
				GCC_WARN_ABOUT_RETURN_TYPE = YES_ERROR;
				GCC_WARN_UNDECLARED_SELECTOR = YES;
				GCC_WARN_UNINITIALIZED_AUTOS = YES_AGGRESSIVE;
				GCC_WARN_UNUSED_FUNCTION = YES;
				GCC_WARN_UNUSED_VARIABLE = YES;
				IPHONEOS_DEPLOYMENT_TARGET = 9.3;
				MTL_ENABLE_DEBUG_INFO = YES;
				ONLY_ACTIVE_ARCH = YES;
				SDKROOT = iphoneos;
				TARGETED_DEVICE_FAMILY = "1,2";
			};
			name = Debug;
		};
		58F145521CC9213800649299 /* Release */ = {
			isa = XCBuildConfiguration;
			buildSettings = {
				ALWAYS_SEARCH_USER_PATHS = NO;
				CLANG_ANALYZER_NONNULL = YES;
				CLANG_CXX_LANGUAGE_STANDARD = "gnu++0x";
				CLANG_CXX_LIBRARY = "libc++";
				CLANG_ENABLE_MODULES = YES;
				CLANG_ENABLE_OBJC_ARC = YES;
				CLANG_WARN_BOOL_CONVERSION = YES;
				CLANG_WARN_CONSTANT_CONVERSION = YES;
				CLANG_WARN_DIRECT_OBJC_ISA_USAGE = YES_ERROR;
				CLANG_WARN_EMPTY_BODY = YES;
				CLANG_WARN_ENUM_CONVERSION = YES;
				CLANG_WARN_INT_CONVERSION = YES;
				CLANG_WARN_OBJC_ROOT_CLASS = YES_ERROR;
				CLANG_WARN_UNREACHABLE_CODE = YES;
				CLANG_WARN__DUPLICATE_METHOD_MATCH = YES;
				"CODE_SIGN_IDENTITY[sdk=iphoneos*]" = "iPhone Developer";
				COPY_PHASE_STRIP = NO;
				DEBUG_INFORMATION_FORMAT = "dwarf-with-dsym";
				ENABLE_NS_ASSERTIONS = NO;
				ENABLE_STRICT_OBJC_MSGSEND = YES;
				GCC_C_LANGUAGE_STANDARD = gnu99;
				GCC_NO_COMMON_BLOCKS = YES;
				GCC_WARN_64_TO_32_BIT_CONVERSION = YES;
				GCC_WARN_ABOUT_RETURN_TYPE = YES_ERROR;
				GCC_WARN_UNDECLARED_SELECTOR = YES;
				GCC_WARN_UNINITIALIZED_AUTOS = YES_AGGRESSIVE;
				GCC_WARN_UNUSED_FUNCTION = YES;
				GCC_WARN_UNUSED_VARIABLE = YES;
				IPHONEOS_DEPLOYMENT_TARGET = 9.3;
				MTL_ENABLE_DEBUG_INFO = NO;
				SDKROOT = iphoneos;
				TARGETED_DEVICE_FAMILY = "1,2";
				VALIDATE_PRODUCT = YES;
			};
			name = Release;
		};
		58F145541CC9213800649299 /* Debug */ = {
			isa = XCBuildConfiguration;
			buildSettings = {
				ASSETCATALOG_COMPILER_APPICON_NAME = AppIcon;
				INFOPLIST_FILE = CoreDataDemo/Info.plist;
				IPHONEOS_DEPLOYMENT_TARGET = 9.0;
				LD_RUNPATH_SEARCH_PATHS = "$(inherited) @executable_path/Frameworks";
				PRODUCT_BUNDLE_IDENTIFIER = com.YGuan.CoreDataDemo;
				PRODUCT_NAME = "$(TARGET_NAME)";
			};
			name = Debug;
		};
		58F145551CC9213800649299 /* Release */ = {
			isa = XCBuildConfiguration;
			buildSettings = {
				ASSETCATALOG_COMPILER_APPICON_NAME = AppIcon;
				INFOPLIST_FILE = CoreDataDemo/Info.plist;
				IPHONEOS_DEPLOYMENT_TARGET = 9.0;
				LD_RUNPATH_SEARCH_PATHS = "$(inherited) @executable_path/Frameworks";
				PRODUCT_BUNDLE_IDENTIFIER = com.YGuan.CoreDataDemo;
				PRODUCT_NAME = "$(TARGET_NAME)";
			};
			name = Release;
		};
/* End XCBuildConfiguration section */

/* Begin XCConfigurationList section */
		58F145341CC9213700649299 /* Build configuration list for PBXProject "CoreDataDemo" */ = {
			isa = XCConfigurationList;
			buildConfigurations = (
				58F145511CC9213800649299 /* Debug */,
				58F145521CC9213800649299 /* Release */,
			);
			defaultConfigurationIsVisible = 0;
			defaultConfigurationName = Release;
		};
		58F145531CC9213800649299 /* Build configuration list for PBXNativeTarget "CoreDataDemo" */ = {
			isa = XCConfigurationList;
			buildConfigurations = (
				58F145541CC9213800649299 /* Debug */,
				58F145551CC9213800649299 /* Release */,
			);
			defaultConfigurationIsVisible = 0;
			defaultConfigurationName = Release;
		};
/* End XCConfigurationList section */

/* Begin XCVersionGroup section */
		58F145481CC9213800649299 /* CoreDataDemo.xcdatamodeld */ = {
			isa = XCVersionGroup;
			children = (
				58F145491CC9213800649299 /* CoreDataDemo.xcdatamodel */,
			);
			currentVersion = 58F145491CC9213800649299 /* CoreDataDemo.xcdatamodel */;
			path = CoreDataDemo.xcdatamodeld;
			sourceTree = "<group>";
			versionGroupType = wrapper.xcdatamodel;
		};
/* End XCVersionGroup section */
	};
	rootObject = 58F145311CC9213700649299 /* Project object */;
}
